{
  "version": 1,
  "dependencies": {
    ".NETnanoFramework,Version=v1.0": {
      "nanoFramework.CoreLibrary": {
        "type": "Direct",
        "requested": "[1.17.1, 1.17.1]",
        "resolved": "1.17.1",
        "contentHash": "T/iPvP8AeZs/5UeZgVa2cZVbl79ioeRyBJLzx4qvKbE9RE+984AR5WPY4tjGIdXugs1AFUYYnydvuGCpy+P1ww=="
      },
      "nanoFramework.Graphics": {
        "type": "Direct",
        "requested": "[1.2.39, 1.2.39]",
        "resolved": "1.2.39",
        "contentHash": "o6qQxN8e9O9+btcRuH4GxWyEOT1D+VY4LYQQ3+iNeIlT2ih7/dFIzUy9zpH+bZUZCImW0FA5DivHWpuGIeMmGw=="
      },
      "nanoFramework.Graphics.Core": {
        "type": "Direct",
        "requested": "[1.2.39, 1.2.39]",
        "resolved": "1.2.39",
        "contentHash": "qHg4JBCBqkqxN8omgDC74Rnk7m1cYFkzzpAeJ+57aach3RLhkTLX5bgA9xhVN3HlZ0DPy0r0CymgNQelz9KLXg=="
      },
      "nanoFramework.ResourceManager": {
        "type": "Direct",
        "requested": "[1.2.30, 1.2.30]",
        "resolved": "1.2.30",
        "contentHash": "eEUAfqmIJWlXqeJqKfnwCjr1gdG02xdZv9nYLXw4fAlbqHoM4oHNgdfA0QE5rJqIIZaKtmNHLnrIX7J4ikZUoA=="
      },
      "nanoFramework.Runtime.Events": {
        "type": "Direct",
        "requested": "[1.11.30, 1.11.30]",
        "resolved": "1.11.30",
        "contentHash": "uhLQLq/CRGCTvmJwbh2vXYVWyBl17jc1FBe3Fq1bKJM1+sO+GyhRRYCmezI7v72bRbQ7tpYZTcplJFs/qkAQSQ=="
      },
      "nanoFramework.Runtime.Native": {
        "type": "Direct",
        "requested": "[1.7.9, 1.7.9]",
        "resolved": "1.7.9",
        "contentHash": "ekjQ4lTNVZ5FNrgry6XV0e7ydOSvcDGuAnSaNQewiBQAfSbpTZx3njCwU5SU5wcO+tBqT4wP7K1LNtw7unaUkg=="
      },
      "nanoFramework.System.Collections": {
        "type": "Direct",
        "requested": "[1.5.62, 1.5.62]",
        "resolved": "1.5.62",
        "contentHash": "tqYYxVHnfJU+v4aOwtW5u6oI3DWYx+njaTa2gY3LXkcltHlaNCXD4c5q314Zb17isZiizKXIB+X9vJnwxw1oLA=="
      }
    }
  }
}